
Microsoft Visual Studio Solution File, Format Version 12.00
# Visual Studio Version 17
VisualStudioVersion = 17.8.34525.116
MinimumVisualStudioVersion = 10.0.40219.1
Project("{9A19103F-16F7-4668-BE54-9A1E7A4F7556}") = "NewsAggregationSystem.DAL", "NewsAggregationSystem.DAL\NewsAggregationSystem.DAL.csproj", "{5F483160-709A-4369-AFA0-1046A3CFA27D}"
EndProject
Project("{9A19103F-16F7-4668-BE54-9A1E7A4F7556}") = "NewsAggregationSystem.Common", "NewsAggregationSystem.Common\NewsAggregationSystem.Common.csproj", "{D9D41974-D670-4142-9DFC-A06EC1305EBE}"
EndProject
Project("{9A19103F-16F7-4668-BE54-9A1E7A4F7556}") = "NewsAggregationSystem.API", "NewsAggregationSystem.API\NewsAggregationSystem.API.csproj", "{C0C612AA-7A5F-4A7A-A824-8BB4B7313ED4}"
EndProject
Project("{9A19103F-16F7-4668-BE54-9A1E7A4F7556}") = "NewsAggregationSystem.Migrations", "NewsAggregationSystem.Migrations\NewsAggregationSystem.Migrations.csproj", "{B840F7FA-9116-4140-952F-6ABB0AC6D8A4}"
EndProject
Project("{9A19103F-16F7-4668-BE54-9A1E7A4F7556}") = "NewsAggregationSystem.Client", "NewsAggregationSystem.Client\NewsAggregationSystem.Client.csproj", "{26111040-9034-4242-90AC-D9B80ECBD4A0}"
EndProject
Project("{9A19103F-16F7-4668-BE54-9A1E7A4F7556}") = "NewsAggregationSystem.Service", "NewsAggregationSystem.Service\NewsAggregationSystem.Service.csproj", "{720A0B11-D9CB-4207-B787-FF3943943B20}"
EndProject
Project("{FAE04EC0-301F-11D3-BF4B-00C04F79EFBC}") = "NewsAggregationSystem.Tests", "NewsAggregationSystem.Tests\NewsAggregationSystem.Tests.csproj", "{275ADAC2-CFA6-490E-A10C-660F6765A80A}"
EndProject
Global
	GlobalSection(SolutionConfigurationPlatforms) = preSolution
		Debug|Any CPU = Debug|Any CPU
		Release|Any CPU = Release|Any CPU
	EndGlobalSection
	GlobalSection(ProjectConfigurationPlatforms) = postSolution
		{5F483160-709A-4369-AFA0-1046A3CFA27D}.Debug|Any CPU.ActiveCfg = Debug|Any CPU
		{5F483160-709A-4369-AFA0-1046A3CFA27D}.Debug|Any CPU.Build.0 = Debug|Any CPU
		{5F483160-709A-4369-AFA0-1046A3CFA27D}.Release|Any CPU.ActiveCfg = Release|Any CPU
		{5F483160-709A-4369-AFA0-1046A3CFA27D}.Release|Any CPU.Build.0 = Release|Any CPU
		{D9D41974-D670-4142-9DFC-A06EC1305EBE}.Debug|Any CPU.ActiveCfg = Debug|Any CPU
		{D9D41974-D670-4142-9DFC-A06EC1305EBE}.Debug|Any CPU.Build.0 = Debug|Any CPU
		{D9D41974-D670-4142-9DFC-A06EC1305EBE}.Release|Any CPU.ActiveCfg = Release|Any CPU
		{D9D41974-D670-4142-9DFC-A06EC1305EBE}.Release|Any CPU.Build.0 = Release|Any CPU
		{C0C612AA-7A5F-4A7A-A824-8BB4B7313ED4}.Debug|Any CPU.ActiveCfg = Debug|Any CPU
		{C0C612AA-7A5F-4A7A-A824-8BB4B7313ED4}.Debug|Any CPU.Build.0 = Debug|Any CPU
		{C0C612AA-7A5F-4A7A-A824-8BB4B7313ED4}.Release|Any CPU.ActiveCfg = Release|Any CPU
		{C0C612AA-7A5F-4A7A-A824-8BB4B7313ED4}.Release|Any CPU.Build.0 = Release|Any CPU
		{B840F7FA-9116-4140-952F-6ABB0AC6D8A4}.Debug|Any CPU.ActiveCfg = Debug|Any CPU
		{B840F7FA-9116-4140-952F-6ABB0AC6D8A4}.Debug|Any CPU.Build.0 = Debug|Any CPU
		{B840F7FA-9116-4140-952F-6ABB0AC6D8A4}.Release|Any CPU.ActiveCfg = Release|Any CPU
		{B840F7FA-9116-4140-952F-6ABB0AC6D8A4}.Release|Any CPU.Build.0 = Release|Any CPU
		{26111040-9034-4242-90AC-D9B80ECBD4A0}.Debug|Any CPU.ActiveCfg = Debug|Any CPU
		{26111040-9034-4242-90AC-D9B80ECBD4A0}.Debug|Any CPU.Build.0 = Debug|Any CPU
		{26111040-9034-4242-90AC-D9B80ECBD4A0}.Release|Any CPU.ActiveCfg = Release|Any CPU
		{26111040-9034-4242-90AC-D9B80ECBD4A0}.Release|Any CPU.Build.0 = Release|Any CPU
		{720A0B11-D9CB-4207-B787-FF3943943B20}.Debug|Any CPU.ActiveCfg = Debug|Any CPU
		{720A0B11-D9CB-4207-B787-FF3943943B20}.Debug|Any CPU.Build.0 = Debug|Any CPU
		{720A0B11-D9CB-4207-B787-FF3943943B20}.Release|Any CPU.ActiveCfg = Release|Any CPU
		{720A0B11-D9CB-4207-B787-FF3943943B20}.Release|Any CPU.Build.0 = Release|Any CPU
		{275ADAC2-CFA6-490E-A10C-660F6765A80A}.Debug|Any CPU.ActiveCfg = Debug|Any CPU
		{275ADAC2-CFA6-490E-A10C-660F6765A80A}.Debug|Any CPU.Build.0 = Debug|Any CPU
		{275ADAC2-CFA6-490E-A10C-660F6765A80A}.Release|Any CPU.ActiveCfg = Release|Any CPU
		{275ADAC2-CFA6-490E-A10C-660F6765A80A}.Release|Any CPU.Build.0 = Release|Any CPU
	EndGlobalSection
	GlobalSection(SolutionProperties) = preSolution
		HideSolutionNode = FALSE
	EndGlobalSection
	GlobalSection(ExtensibilityGlobals) = postSolution
		SolutionGuid = {85A901B7-4D56-4B72-9592-EE3493D3FB50}
	EndGlobalSection
EndGlobal
